
Microsoft Visual Studio Solution File, Format Version 12.00
# Visual Studio Version 16
VisualStudioVersion = 16.0.31702.278
MinimumVisualStudioVersion = 10.0.40219.1
Project("{FAE04EC0-301F-11D3-BF4B-00C04F79EFBC}") = "movieList", "movieList\movieList.csproj", "{15DBB161-71DF-4646-8296-E56927818DC8}"
EndProject
Global
	GlobalSection(SolutionConfigurationPlatforms) = preSolution
		Debug|Any CPU = Debug|Any CPU
		Release|Any CPU = Release|Any CPU
	EndGlobalSection
	GlobalSection(ProjectConfigurationPlatforms) = postSolution
		{15DBB161-71DF-4646-8296-E56927818DC8}.Debug|Any CPU.ActiveCfg = Debug|Any CPU
		{15DBB161-71DF-4646-8296-E56927818DC8}.Debug|Any CPU.Build.0 = Debug|Any CPU
		{15DBB161-71DF-4646-8296-E56927818DC8}.Release|Any CPU.ActiveCfg = Release|Any CPU
		{15DBB161-71DF-4646-8296-E56927818DC8}.Release|Any CPU.Build.0 = Release|Any CPU
	EndGlobalSection
	GlobalSection(SolutionProperties) = preSolution
		HideSolutionNode = FALSE
	EndGlobalSection
	GlobalSection(ExtensibilityGlobals) = postSolution
		SolutionGuid = {B41023A1-C203-4A8E-A8D4-6CD19A3B5846}
	EndGlobalSection
EndGlobal
